
Microsoft Visual Studio Solution File, Format Version 12.00
# Visual Studio Version 17
VisualStudioVersion = 17.7.34003.232
MinimumVisualStudioVersion = 10.0.40219.1
Project("{FAE04EC0-301F-11D3-BF4B-00C04F79EFBC}") = "AjaxPractice", "AjaxPractice\AjaxPractice.csproj", "{4AD7D8FA-FAFA-4E27-BCCB-8909C55743AD}"
EndProject
Global
	GlobalSection(SolutionConfigurationPlatforms) = preSolution
		Debug|Any CPU = Debug|Any CPU
		Release|Any CPU = Release|Any CPU
	EndGlobalSection
	GlobalSection(ProjectConfigurationPlatforms) = postSolution
		{4AD7D8FA-FAFA-4E27-BCCB-8909C55743AD}.Debug|Any CPU.ActiveCfg = Debug|Any CPU
		{4AD7D8FA-FAFA-4E27-BCCB-8909C55743AD}.Debug|Any CPU.Build.0 = Debug|Any CPU
		{4AD7D8FA-FAFA-4E27-BCCB-8909C55743AD}.Release|Any CPU.ActiveCfg = Release|Any CPU
		{4AD7D8FA-FAFA-4E27-BCCB-8909C55743AD}.Release|Any CPU.Build.0 = Release|Any CPU
	EndGlobalSection
	GlobalSection(SolutionProperties) = preSolution
		HideSolutionNode = FALSE
	EndGlobalSection
	GlobalSection(ExtensibilityGlobals) = postSolution
		SolutionGuid = {DEFEDF33-B09C-42CF-8863-A8CC61A3430E}
	EndGlobalSection
EndGlobal
